
Microsoft Visual Studio Solution File, Format Version 12.00
# Visual Studio Version 17
VisualStudioVersion = 17.8.34322.80
MinimumVisualStudioVersion = 10.0.40219.1
Project("{FAE04EC0-301F-11D3-BF4B-00C04F79EFBC}") = "Zakuska_AI", "Zakuska_AI\Zakuska_AI.csproj", "{DB32C06F-2898-449B-83B6-698E93020088}"
EndProject
Global
	GlobalSection(SolutionConfigurationPlatforms) = preSolution
		Debug|Any CPU = Debug|Any CPU
		Release|Any CPU = Release|Any CPU
	EndGlobalSection
	GlobalSection(ProjectConfigurationPlatforms) = postSolution
		{DB32C06F-2898-449B-83B6-698E93020088}.Debug|Any CPU.ActiveCfg = Debug|Any CPU
		{DB32C06F-2898-449B-83B6-698E93020088}.Debug|Any CPU.Build.0 = Debug|Any CPU
		{DB32C06F-2898-449B-83B6-698E93020088}.Release|Any CPU.ActiveCfg = Release|Any CPU
		{DB32C06F-2898-449B-83B6-698E93020088}.Release|Any CPU.Build.0 = Release|Any CPU
	EndGlobalSection
	GlobalSection(SolutionProperties) = preSolution
		HideSolutionNode = FALSE
	EndGlobalSection
	GlobalSection(ExtensibilityGlobals) = postSolution
		SolutionGuid = {0970F822-5EC2-43F9-8487-7A616A804D0D}
	EndGlobalSection
EndGlobal
